
Microsoft Visual Studio Solution File, Format Version 12.00
# Visual Studio 2013
VisualStudioVersion = 12.0.30723.0
MinimumVisualStudioVersion = 10.0.40219.1
Project("{8BC9CEB8-8B4A-11D0-8D11-00A0C91BC942}") = "luape", "luape\luape.vcxproj", "{93F02B73-911C-4BF6-AD13-9D271EA3A778}"
EndProject
Project("{8BC9CEB8-8B4A-11D0-8D11-00A0C91BC942}") = "lua", "lua\lua.vcxproj", "{37ADF4E3-EC0F-4D2F-B6BB-47CCE818A489}"
EndProject
Project("{8BC9CEB8-8B4A-11D0-8D11-00A0C91BC942}") = "BeaEngine", "BeaEngine\BeaEngine.vcxproj", "{E55AE5CA-A785-436F-AFF7-7CC7F5AAD6A8}"
EndProject
Global
	GlobalSection(SolutionConfigurationPlatforms) = preSolution
		Debug|Win32 = Debug|Win32
		Release|Win32 = Release|Win32
	EndGlobalSection
	GlobalSection(ProjectConfigurationPlatforms) = postSolution
		{93F02B73-911C-4BF6-AD13-9D271EA3A778}.Debug|Win32.ActiveCfg = Debug|Win32
		{93F02B73-911C-4BF6-AD13-9D271EA3A778}.Debug|Win32.Build.0 = Debug|Win32
		{93F02B73-911C-4BF6-AD13-9D271EA3A778}.Release|Win32.ActiveCfg = Release|Win32
		{93F02B73-911C-4BF6-AD13-9D271EA3A778}.Release|Win32.Build.0 = Release|Win32
		{37ADF4E3-EC0F-4D2F-B6BB-47CCE818A489}.Debug|Win32.ActiveCfg = Debug|Win32
		{37ADF4E3-EC0F-4D2F-B6BB-47CCE818A489}.Debug|Win32.Build.0 = Debug|Win32
		{37ADF4E3-EC0F-4D2F-B6BB-47CCE818A489}.Release|Win32.ActiveCfg = Release|Win32
		{37ADF4E3-EC0F-4D2F-B6BB-47CCE818A489}.Release|Win32.Build.0 = Release|Win32
		{E55AE5CA-A785-436F-AFF7-7CC7F5AAD6A8}.Debug|Win32.ActiveCfg = Debug|Win32
		{E55AE5CA-A785-436F-AFF7-7CC7F5AAD6A8}.Debug|Win32.Build.0 = Debug|Win32
		{E55AE5CA-A785-436F-AFF7-7CC7F5AAD6A8}.Release|Win32.ActiveCfg = Release|Win32
		{E55AE5CA-A785-436F-AFF7-7CC7F5AAD6A8}.Release|Win32.Build.0 = Release|Win32
	EndGlobalSection
	GlobalSection(SolutionProperties) = preSolution
		HideSolutionNode = FALSE
	EndGlobalSection
EndGlobal
